
Microsoft Visual Studio Solution File, Format Version 12.00
# Visual Studio Version 17
VisualStudioVersion = 17.8.34525.116
MinimumVisualStudioVersion = 10.0.40219.1
Project("{FAE04EC0-301F-11D3-BF4B-00C04F79EFBC}") = "Workspace", "Workspace\Workspace.csproj", "{1356462F-C410-424A-BB86-4970F503A96A}"
EndProject
Project("{FAE04EC0-301F-11D3-BF4B-00C04F79EFBC}") = "Entities", "Entities\Entities.csproj", "{1C17498E-38F4-46F5-9980-AE0C1486DA5D}"
EndProject
Project("{FAE04EC0-301F-11D3-BF4B-00C04F79EFBC}") = "Business", "Business\Business.csproj", "{BA034C8E-1698-4741-AE6B-348E7F2381EB}"
EndProject
Global
	GlobalSection(SolutionConfigurationPlatforms) = preSolution
		Debug|Any CPU = Debug|Any CPU
		Release|Any CPU = Release|Any CPU
	EndGlobalSection
	GlobalSection(ProjectConfigurationPlatforms) = postSolution
		{1356462F-C410-424A-BB86-4970F503A96A}.Debug|Any CPU.ActiveCfg = Debug|Any CPU
		{1356462F-C410-424A-BB86-4970F503A96A}.Debug|Any CPU.Build.0 = Debug|Any CPU
		{1356462F-C410-424A-BB86-4970F503A96A}.Release|Any CPU.ActiveCfg = Release|Any CPU
		{1356462F-C410-424A-BB86-4970F503A96A}.Release|Any CPU.Build.0 = Release|Any CPU
		{1C17498E-38F4-46F5-9980-AE0C1486DA5D}.Debug|Any CPU.ActiveCfg = Debug|Any CPU
		{1C17498E-38F4-46F5-9980-AE0C1486DA5D}.Debug|Any CPU.Build.0 = Debug|Any CPU
		{1C17498E-38F4-46F5-9980-AE0C1486DA5D}.Release|Any CPU.ActiveCfg = Release|Any CPU
		{1C17498E-38F4-46F5-9980-AE0C1486DA5D}.Release|Any CPU.Build.0 = Release|Any CPU
		{BA034C8E-1698-4741-AE6B-348E7F2381EB}.Debug|Any CPU.ActiveCfg = Debug|Any CPU
		{BA034C8E-1698-4741-AE6B-348E7F2381EB}.Debug|Any CPU.Build.0 = Debug|Any CPU
		{BA034C8E-1698-4741-AE6B-348E7F2381EB}.Release|Any CPU.ActiveCfg = Release|Any CPU
		{BA034C8E-1698-4741-AE6B-348E7F2381EB}.Release|Any CPU.Build.0 = Release|Any CPU
	EndGlobalSection
	GlobalSection(SolutionProperties) = preSolution
		HideSolutionNode = FALSE
	EndGlobalSection
	GlobalSection(ExtensibilityGlobals) = postSolution
		SolutionGuid = {F2713AAF-69F2-4D0D-95C6-E9ADAA717A71}
	EndGlobalSection
EndGlobal
